<?xml version="1.0" encoding="utf-8"?>
<Project ToolsVersion="4.0" xmlns="http://schemas.microsoft.com/developer/msbuild/2003">
  <ItemGroup>
    <Filter Include="Agate">
      <UniqueIdentifier>{E75FD10C-5374-F9BD-1CF6-9C1D88C9F5EE}</UniqueIdentifier>
    </Filter>
    <Filter Include="Agate\Events">
      <UniqueIdentifier>{EB418DC0-D7A4-1C65-802A-551B6C6CE8E7}</UniqueIdentifier>
    </Filter>
    <Filter Include="Agate\window">
      <UniqueIdentifier>{0EB74834-FA19-D8D8-A39F-108F8FE1A35B}</UniqueIdentifier>
    </Filter>
  </ItemGroup>
  <ItemGroup>
    <ClInclude Include="src\Agate.h" />
    <ClInclude Include="src\Agate\Core.h">
      <Filter>Agate</Filter>
    </ClInclude>
    <ClInclude Include="src\Agate\EntryPoint.h">
      <Filter>Agate</Filter>
    </ClInclude>
    <ClInclude Include="src\Agate\Events\Event.h">
      <Filter>Agate\Events</Filter>
    </ClInclude>
    <ClInclude Include="src\Agate\Events\MouseEvent.h">
      <Filter>Agate\Events</Filter>
    </ClInclude>
    <ClInclude Include="src\Agate\Logger.h">
      <Filter>Agate</Filter>
    </ClInclude>
    <ClInclude Include="src\Agate\test.h">
      <Filter>Agate</Filter>
    </ClInclude>
    <ClInclude Include="src\Agate\window\Create_Window.h">
      <Filter>Agate\window</Filter>
    </ClInclude>
    <ClInclude Include="src\agpch.h" />
    <ClInclude Include="src\Agate\Events\ApplicationEvents.h" />
  </ItemGroup>
  <ItemGroup>
    <ClCompile Include="src\Agate\EntryPoint.cpp">
      <Filter>Agate</Filter>
    </ClCompile>
    <ClCompile Include="src\Agate\Logger.cpp">
      <Filter>Agate</Filter>
    </ClCompile>
    <ClCompile Include="src\Agate\test.cpp">
      <Filter>Agate</Filter>
    </ClCompile>
    <ClCompile Include="src\Agate\window\Create_Window.cpp">
      <Filter>Agate\window</Filter>
    </ClCompile>
    <ClCompile Include="src\agpch.cpp" />
  </ItemGroup>
</Project>