<?xml version="1.0" encoding="utf-8"?>
<Project ToolsVersion="4.0" xmlns="http://schemas.microsoft.com/developer/msbuild/2003">
  <ItemGroup>
    <Filter Include="Agate">
      <UniqueIdentifier>{E75FD10C-5374-F9BD-1CF6-9C1D88C9F5EE}</UniqueIdentifier>
    </Filter>
    <Filter Include="Agate\Events">
      <UniqueIdentifier>{EB418DC0-D7A4-1C65-802A-551B6C6CE8E7}</UniqueIdentifier>
    </Filter>
    <Filter Include="Agate\Math">
      <UniqueIdentifier>{20CDDA6F-0C85-1CBD-758C-F5186163B7AD}</UniqueIdentifier>
    </Filter>
    <Filter Include="Agate\window">
      <UniqueIdentifier>{0EB74834-FA19-D8D8-A39F-108F8FE1A35B}</UniqueIdentifier>
    </Filter>
  </ItemGroup>
  <ItemGroup>
    <ClInclude Include="src\Agate.h" />
    <ClInclude Include="src\Agate\Core.h">
      <Filter>Agate</Filter>
    </ClInclude>
    <ClInclude Include="src\Agate\EntryPoint.h">
      <Filter>Agate</Filter>
    </ClInclude>
    <ClInclude Include="src\Agate\Events\ApplicationEvents.h">
      <Filter>Agate\Events</Filter>
    </ClInclude>
    <ClInclude Include="src\Agate\Events\Event.h">
      <Filter>Agate\Events</Filter>
    </ClInclude>
    <ClInclude Include="src\Agate\Events\MouseEvent.h">
      <Filter>Agate\Events</Filter>
    </ClInclude>
    <ClInclude Include="src\Agate\Logger.h">
      <Filter>Agate</Filter>
    </ClInclude>
    <ClInclude Include="src\Agate\Math\Execptions.h">
      <Filter>Agate\Math</Filter>
    </ClInclude>
    <ClInclude Include="src\Agate\Math\Mat3D.h">
      <Filter>Agate\Math</Filter>
    </ClInclude>
    <ClInclude Include="src\Agate\Math\Math.h">
      <Filter>Agate\Math</Filter>
    </ClInclude>
    <ClInclude Include="src\Agate\Math\Vect2D.h">
      <Filter>Agate\Math</Filter>
    </ClInclude>
    <ClInclude Include="src\Agate\Math\Vect3D.h">
      <Filter>Agate\Math</Filter>
    </ClInclude>
    <ClInclude Include="src\Agate\window\Window.h">
      <Filter>Agate\window</Filter>
    </ClInclude>
    <ClInclude Include="src\agpch.h" />
    <ClInclude Include="src\Agate\Main.h">
      <Filter>Agate</Filter>
    </ClInclude>
    <ClInclude Include="src\Agate\LayerStack.h" />
    <ClInclude Include="src\Agate\Layer.h" />
  </ItemGroup>
  <ItemGroup>
    <ClCompile Include="src\Agate\EntryPoint.cpp">
      <Filter>Agate</Filter>
    </ClCompile>
    <ClCompile Include="src\Agate\Logger.cpp">
      <Filter>Agate</Filter>
    </ClCompile>
    <ClCompile Include="src\Agate\window\Window.cpp">
      <Filter>Agate\window</Filter>
    </ClCompile>
    <ClCompile Include="src\agpch.cpp" />
    <ClCompile Include="src\Agate\LayerStack.cpp" />
  </ItemGroup>
</Project>