
Microsoft Visual Studio Solution File, Format Version 12.00
# Visual Studio Version 17
Project("{2150E333-8FDC-42A3-9474-1A3956D46DE8}") = "CMakePredefinedTargets", "CMakePredefinedTargets", "{07DCDED1-E15B-3607-BB25-CD056F577118}"
EndProject
Project("{8BC9CEB8-8B4A-11D0-8D11-00A0C91BC942}") = "ALL_BUILD", "ALL_BUILD.vcxproj", "{8F9DB783-514C-3415-B2A1-25AE40051114}"
	ProjectSection(ProjectDependencies) = postProject
		{B19CCCB1-8455-3F68-8E74-A3A7F0971174} = {B19CCCB1-8455-3F68-8E74-A3A7F0971174}
		{7D0C292B-2434-3D02-B5CC-A6F0E2C07CC6} = {7D0C292B-2434-3D02-B5CC-A6F0E2C07CC6}
	EndProjectSection
EndProject
Project("{8BC9CEB8-8B4A-11D0-8D11-00A0C91BC942}") = "INSTALL", "INSTALL.vcxproj", "{99DAF00C-DA57-31B2-B1E1-991722716126}"
	ProjectSection(ProjectDependencies) = postProject
		{8F9DB783-514C-3415-B2A1-25AE40051114} = {8F9DB783-514C-3415-B2A1-25AE40051114}
		{B19CCCB1-8455-3F68-8E74-A3A7F0971174} = {B19CCCB1-8455-3F68-8E74-A3A7F0971174}
	EndProjectSection
EndProject
Project("{8BC9CEB8-8B4A-11D0-8D11-00A0C91BC942}") = "ZERO_CHECK", "..\..\\ZERO_CHECK.vcxproj", "{B19CCCB1-8455-3F68-8E74-A3A7F0971174}"
	ProjectSection(ProjectDependencies) = postProject
	EndProjectSection
EndProject
Project("{8BC9CEB8-8B4A-11D0-8D11-00A0C91BC942}") = "imgui", "imgui.vcxproj", "{7D0C292B-2434-3D02-B5CC-A6F0E2C07CC6}"
	ProjectSection(ProjectDependencies) = postProject
		{B19CCCB1-8455-3F68-8E74-A3A7F0971174} = {B19CCCB1-8455-3F68-8E74-A3A7F0971174}
	EndProjectSection
EndProject
Global
	GlobalSection(SolutionConfigurationPlatforms) = preSolution
		Debug|x64 = Debug|x64
		Release|x64 = Release|x64
		MinSizeRel|x64 = MinSizeRel|x64
		RelWithDebInfo|x64 = RelWithDebInfo|x64
	EndGlobalSection
	GlobalSection(ProjectConfigurationPlatforms) = postSolution
		{8F9DB783-514C-3415-B2A1-25AE40051114}.Debug|x64.ActiveCfg = Debug|x64
		{8F9DB783-514C-3415-B2A1-25AE40051114}.Debug|x64.Build.0 = Debug|x64
		{8F9DB783-514C-3415-B2A1-25AE40051114}.Release|x64.ActiveCfg = Release|x64
		{8F9DB783-514C-3415-B2A1-25AE40051114}.Release|x64.Build.0 = Release|x64
		{8F9DB783-514C-3415-B2A1-25AE40051114}.MinSizeRel|x64.ActiveCfg = MinSizeRel|x64
		{8F9DB783-514C-3415-B2A1-25AE40051114}.MinSizeRel|x64.Build.0 = MinSizeRel|x64
		{8F9DB783-514C-3415-B2A1-25AE40051114}.RelWithDebInfo|x64.ActiveCfg = RelWithDebInfo|x64
		{8F9DB783-514C-3415-B2A1-25AE40051114}.RelWithDebInfo|x64.Build.0 = RelWithDebInfo|x64
		{99DAF00C-DA57-31B2-B1E1-991722716126}.Debug|x64.ActiveCfg = Debug|x64
		{99DAF00C-DA57-31B2-B1E1-991722716126}.Release|x64.ActiveCfg = Release|x64
		{99DAF00C-DA57-31B2-B1E1-991722716126}.MinSizeRel|x64.ActiveCfg = MinSizeRel|x64
		{99DAF00C-DA57-31B2-B1E1-991722716126}.RelWithDebInfo|x64.ActiveCfg = RelWithDebInfo|x64
		{B19CCCB1-8455-3F68-8E74-A3A7F0971174}.Debug|x64.ActiveCfg = Debug|x64
		{B19CCCB1-8455-3F68-8E74-A3A7F0971174}.Debug|x64.Build.0 = Debug|x64
		{B19CCCB1-8455-3F68-8E74-A3A7F0971174}.Release|x64.ActiveCfg = Release|x64
		{B19CCCB1-8455-3F68-8E74-A3A7F0971174}.Release|x64.Build.0 = Release|x64
		{B19CCCB1-8455-3F68-8E74-A3A7F0971174}.MinSizeRel|x64.ActiveCfg = MinSizeRel|x64
		{B19CCCB1-8455-3F68-8E74-A3A7F0971174}.MinSizeRel|x64.Build.0 = MinSizeRel|x64
		{B19CCCB1-8455-3F68-8E74-A3A7F0971174}.RelWithDebInfo|x64.ActiveCfg = RelWithDebInfo|x64
		{B19CCCB1-8455-3F68-8E74-A3A7F0971174}.RelWithDebInfo|x64.Build.0 = RelWithDebInfo|x64
		{7D0C292B-2434-3D02-B5CC-A6F0E2C07CC6}.Debug|x64.ActiveCfg = Debug|x64
		{7D0C292B-2434-3D02-B5CC-A6F0E2C07CC6}.Debug|x64.Build.0 = Debug|x64
		{7D0C292B-2434-3D02-B5CC-A6F0E2C07CC6}.Release|x64.ActiveCfg = Release|x64
		{7D0C292B-2434-3D02-B5CC-A6F0E2C07CC6}.Release|x64.Build.0 = Release|x64
		{7D0C292B-2434-3D02-B5CC-A6F0E2C07CC6}.MinSizeRel|x64.ActiveCfg = MinSizeRel|x64
		{7D0C292B-2434-3D02-B5CC-A6F0E2C07CC6}.MinSizeRel|x64.Build.0 = MinSizeRel|x64
		{7D0C292B-2434-3D02-B5CC-A6F0E2C07CC6}.RelWithDebInfo|x64.ActiveCfg = RelWithDebInfo|x64
		{7D0C292B-2434-3D02-B5CC-A6F0E2C07CC6}.RelWithDebInfo|x64.Build.0 = RelWithDebInfo|x64
	EndGlobalSection
	GlobalSection(NestedProjects) = preSolution
		{8F9DB783-514C-3415-B2A1-25AE40051114} = {07DCDED1-E15B-3607-BB25-CD056F577118}
		{99DAF00C-DA57-31B2-B1E1-991722716126} = {07DCDED1-E15B-3607-BB25-CD056F577118}
		{B19CCCB1-8455-3F68-8E74-A3A7F0971174} = {07DCDED1-E15B-3607-BB25-CD056F577118}
	EndGlobalSection
	GlobalSection(ExtensibilityGlobals) = postSolution
		SolutionGuid = {95023377-5035-3DFD-8449-72579293EF8D}
	EndGlobalSection
	GlobalSection(ExtensibilityAddIns) = postSolution
	EndGlobalSection
EndGlobal
